
Microsoft Visual Studio Solution File, Format Version 12.00
# Visual Studio Version 16
VisualStudioVersion = 16.0.31112.23
MinimumVisualStudioVersion = 10.0.40219.1
Project("{9A19103F-16F7-4668-BE54-9A1E7A4F7556}") = "TBPayments", "TBPayments.Web\TBPayments.csproj", "{23FAC010-3906-4271-A14A-AFF77B521F9E}"
EndProject
Global
	GlobalSection(SolutionConfigurationPlatforms) = preSolution
		Debug|Any CPU = Debug|Any CPU
		Release|Any CPU = Release|Any CPU
	EndGlobalSection
	GlobalSection(ProjectConfigurationPlatforms) = postSolution
		{23FAC010-3906-4271-A14A-AFF77B521F9E}.Debug|Any CPU.ActiveCfg = Debug|Any CPU
		{23FAC010-3906-4271-A14A-AFF77B521F9E}.Debug|Any CPU.Build.0 = Debug|Any CPU
		{23FAC010-3906-4271-A14A-AFF77B521F9E}.Release|Any CPU.ActiveCfg = Release|Any CPU
		{23FAC010-3906-4271-A14A-AFF77B521F9E}.Release|Any CPU.Build.0 = Release|Any CPU
	EndGlobalSection
	GlobalSection(SolutionProperties) = preSolution
		HideSolutionNode = FALSE
	EndGlobalSection
	GlobalSection(ExtensibilityGlobals) = postSolution
		SolutionGuid = {020C7DB5-5D29-4B77-A35E-5E86A5D0CA4B}
	EndGlobalSection
EndGlobal
